
Microsoft Visual Studio Solution File, Format Version 12.00
# Visual Studio Version 17
VisualStudioVersion = 17.11.35312.102
MinimumVisualStudioVersion = 10.0.40219.1
Project("{FAE04EC0-301F-11D3-BF4B-00C04F79EFBC}") = "WebServiceAPI", "WebServiceAPI\WebServiceAPI.csproj", "{D055A139-E61B-4368-82C7-B9FEDFF54DBF}"
EndProject
Global
	GlobalSection(SolutionConfigurationPlatforms) = preSolution
		Debug|Any CPU = Debug|Any CPU
		Release|Any CPU = Release|Any CPU
	EndGlobalSection
	GlobalSection(ProjectConfigurationPlatforms) = postSolution
		{D055A139-E61B-4368-82C7-B9FEDFF54DBF}.Debug|Any CPU.ActiveCfg = Debug|Any CPU
		{D055A139-E61B-4368-82C7-B9FEDFF54DBF}.Debug|Any CPU.Build.0 = Debug|Any CPU
		{D055A139-E61B-4368-82C7-B9FEDFF54DBF}.Release|Any CPU.ActiveCfg = Release|Any CPU
		{D055A139-E61B-4368-82C7-B9FEDFF54DBF}.Release|Any CPU.Build.0 = Release|Any CPU
	EndGlobalSection
	GlobalSection(SolutionProperties) = preSolution
		HideSolutionNode = FALSE
	EndGlobalSection
	GlobalSection(ExtensibilityGlobals) = postSolution
		SolutionGuid = {57CBC053-2167-4744-B96A-15A28AC7C1BE}
	EndGlobalSection
EndGlobal
